
Microsoft Visual Studio Solution File, Format Version 12.00
# Visual Studio Version 17
VisualStudioVersion = 17.0.31912.275
MinimumVisualStudioVersion = 10.0.40219.1
Project("{FAE04EC0-301F-11D3-BF4B-00C04F79EFBC}") = "Ex04.Menus.Delegates", "Ex04.Menus.Delegates\Ex04.Menus.Delegates.csproj", "{705BE291-6105-43B5-8058-EF5C073F3502}"
EndProject
Project("{FAE04EC0-301F-11D3-BF4B-00C04F79EFBC}") = "Ex04.Menus.Interfaces", "Ex04.Menus.Interfaces\Ex04.Menus.Interfaces.csproj", "{16936FEF-EF63-4802-99CB-2699AE43C901}"
EndProject
Project("{FAE04EC0-301F-11D3-BF4B-00C04F79EFBC}") = "Ex04.Menus.Test", "Ex04.Menus.Test\Ex04.Menus.Test.csproj", "{36534EBD-DF81-429D-B697-021D74EE23F2}"
EndProject
Global
	GlobalSection(SolutionConfigurationPlatforms) = preSolution
		Debug|Any CPU = Debug|Any CPU
		Release|Any CPU = Release|Any CPU
	EndGlobalSection
	GlobalSection(ProjectConfigurationPlatforms) = postSolution
		{705BE291-6105-43B5-8058-EF5C073F3502}.Debug|Any CPU.ActiveCfg = Debug|Any CPU
		{705BE291-6105-43B5-8058-EF5C073F3502}.Debug|Any CPU.Build.0 = Debug|Any CPU
		{705BE291-6105-43B5-8058-EF5C073F3502}.Release|Any CPU.ActiveCfg = Release|Any CPU
		{705BE291-6105-43B5-8058-EF5C073F3502}.Release|Any CPU.Build.0 = Release|Any CPU
		{16936FEF-EF63-4802-99CB-2699AE43C901}.Debug|Any CPU.ActiveCfg = Debug|Any CPU
		{16936FEF-EF63-4802-99CB-2699AE43C901}.Debug|Any CPU.Build.0 = Debug|Any CPU
		{16936FEF-EF63-4802-99CB-2699AE43C901}.Release|Any CPU.ActiveCfg = Release|Any CPU
		{16936FEF-EF63-4802-99CB-2699AE43C901}.Release|Any CPU.Build.0 = Release|Any CPU
		{36534EBD-DF81-429D-B697-021D74EE23F2}.Debug|Any CPU.ActiveCfg = Debug|Any CPU
		{36534EBD-DF81-429D-B697-021D74EE23F2}.Debug|Any CPU.Build.0 = Debug|Any CPU
		{36534EBD-DF81-429D-B697-021D74EE23F2}.Release|Any CPU.ActiveCfg = Release|Any CPU
		{36534EBD-DF81-429D-B697-021D74EE23F2}.Release|Any CPU.Build.0 = Release|Any CPU
	EndGlobalSection
	GlobalSection(SolutionProperties) = preSolution
		HideSolutionNode = FALSE
	EndGlobalSection
	GlobalSection(ExtensibilityGlobals) = postSolution
		SolutionGuid = {8391CD97-DDBF-4EBB-868A-ED9959E66E78}
	EndGlobalSection
EndGlobal
